// !$*UTF8*$!
{
	archiveVersion = 1;
	classes = {
	};
	objectVersion = 56;
	objects = {

/* Begin PBXBuildFile section */
		F21AE1252A98D2830045D7C7 /* AppDelegate.swift in Sources */ = {isa = PBXBuildFile; fileRef = F21AE1242A98D2830045D7C7 /* AppDelegate.swift */; };
		F21AE1272A98D2830045D7C7 /* SceneDelegate.swift in Sources */ = {isa = PBXBuildFile; fileRef = F21AE1262A98D2830045D7C7 /* SceneDelegate.swift */; };
		F21AE1292A98D2830045D7C7 /* ViewController.swift in Sources */ = {isa = PBXBuildFile; fileRef = F21AE1282A98D2830045D7C7 /* ViewController.swift */; };
		F21AE12C2A98D2830045D7C7 /* Main.storyboard in Resources */ = {isa = PBXBuildFile; fileRef = F21AE12A2A98D2830045D7C7 /* Main.storyboard */; };
		F21AE12E2A98D2850045D7C7 /* Assets.xcassets in Resources */ = {isa = PBXBuildFile; fileRef = F21AE12D2A98D2850045D7C7 /* Assets.xcassets */; };
		F21AE1312A98D2850045D7C7 /* LaunchScreen.storyboard in Resources */ = {isa = PBXBuildFile; fileRef = F21AE12F2A98D2850045D7C7 /* LaunchScreen.storyboard */; };
		F21AE13E2A98D2D80045D7C7 /* Product.swift in Sources */ = {isa = PBXBuildFile; fileRef = F21AE13D2A98D2D80045D7C7 /* Product.swift */; };
		F21AE1402A98D2E90045D7C7 /* ProductDetail.swift in Sources */ = {isa = PBXBuildFile; fileRef = F21AE13F2A98D2E90045D7C7 /* ProductDetail.swift */; };
		F21AE1422A98D3EE0045D7C7 /* NetworkManager.swift in Sources */ = {isa = PBXBuildFile; fileRef = F21AE1412A98D3EE0045D7C7 /* NetworkManager.swift */; };
		F29868012A98D67B00E5DBED /* Coordinator.swift in Sources */ = {isa = PBXBuildFile; fileRef = F29868002A98D67B00E5DBED /* Coordinator.swift */; };
		F29868042A98D6B000E5DBED /* AppCoordinator.swift in Sources */ = {isa = PBXBuildFile; fileRef = F29868032A98D6B000E5DBED /* AppCoordinator.swift */; };
		F29868062A98D6B700E5DBED /* MainCoordinator.swift in Sources */ = {isa = PBXBuildFile; fileRef = F29868052A98D6B700E5DBED /* MainCoordinator.swift */; };
		F298680A2A98D73000E5DBED /* DetailViewController.swift in Sources */ = {isa = PBXBuildFile; fileRef = F29868092A98D73000E5DBED /* DetailViewController.swift */; };
		F298680C2A98D74100E5DBED /* MainViewController.swift in Sources */ = {isa = PBXBuildFile; fileRef = F298680B2A98D74100E5DBED /* MainViewController.swift */; };
		F29868102A98DFD300E5DBED /* ProductCell.swift in Sources */ = {isa = PBXBuildFile; fileRef = F298680F2A98DFD300E5DBED /* ProductCell.swift */; };
/* End PBXBuildFile section */

/* Begin PBXFileReference section */
		F21AE1212A98D2830045D7C7 /* avitoTestTask_ShapovalovA.app */ = {isa = PBXFileReference; explicitFileType = wrapper.application; includeInIndex = 0; path = avitoTestTask_ShapovalovA.app; sourceTree = BUILT_PRODUCTS_DIR; };
		F21AE1242A98D2830045D7C7 /* AppDelegate.swift */ = {isa = PBXFileReference; lastKnownFileType = sourcecode.swift; path = AppDelegate.swift; sourceTree = "<group>"; };
		F21AE1262A98D2830045D7C7 /* SceneDelegate.swift */ = {isa = PBXFileReference; lastKnownFileType = sourcecode.swift; path = SceneDelegate.swift; sourceTree = "<group>"; };
		F21AE1282A98D2830045D7C7 /* ViewController.swift */ = {isa = PBXFileReference; lastKnownFileType = sourcecode.swift; path = ViewController.swift; sourceTree = "<group>"; };
		F21AE12B2A98D2830045D7C7 /* Base */ = {isa = PBXFileReference; lastKnownFileType = file.storyboard; name = Base; path = Base.lproj/Main.storyboard; sourceTree = "<group>"; };
		F21AE12D2A98D2850045D7C7 /* Assets.xcassets */ = {isa = PBXFileReference; lastKnownFileType = folder.assetcatalog; path = Assets.xcassets; sourceTree = "<group>"; };
		F21AE1302A98D2850045D7C7 /* Base */ = {isa = PBXFileReference; lastKnownFileType = file.storyboard; name = Base; path = Base.lproj/LaunchScreen.storyboard; sourceTree = "<group>"; };
		F21AE1322A98D2850045D7C7 /* Info.plist */ = {isa = PBXFileReference; lastKnownFileType = text.plist.xml; path = Info.plist; sourceTree = "<group>"; };
		F21AE13D2A98D2D80045D7C7 /* Product.swift */ = {isa = PBXFileReference; lastKnownFileType = sourcecode.swift; path = Product.swift; sourceTree = "<group>"; };
		F21AE13F2A98D2E90045D7C7 /* ProductDetail.swift */ = {isa = PBXFileReference; lastKnownFileType = sourcecode.swift; path = ProductDetail.swift; sourceTree = "<group>"; };
		F21AE1412A98D3EE0045D7C7 /* NetworkManager.swift */ = {isa = PBXFileReference; lastKnownFileType = sourcecode.swift; path = NetworkManager.swift; sourceTree = "<group>"; };
		F29868002A98D67B00E5DBED /* Coordinator.swift */ = {isa = PBXFileReference; lastKnownFileType = sourcecode.swift; path = Coordinator.swift; sourceTree = "<group>"; };
		F29868032A98D6B000E5DBED /* AppCoordinator.swift */ = {isa = PBXFileReference; lastKnownFileType = sourcecode.swift; path = AppCoordinator.swift; sourceTree = "<group>"; };
		F29868052A98D6B700E5DBED /* MainCoordinator.swift */ = {isa = PBXFileReference; lastKnownFileType = sourcecode.swift; path = MainCoordinator.swift; sourceTree = "<group>"; };
		F29868092A98D73000E5DBED /* DetailViewController.swift */ = {isa = PBXFileReference; lastKnownFileType = sourcecode.swift; path = DetailViewController.swift; sourceTree = "<group>"; };
		F298680B2A98D74100E5DBED /* MainViewController.swift */ = {isa = PBXFileReference; lastKnownFileType = sourcecode.swift; path = MainViewController.swift; sourceTree = "<group>"; };
		F298680F2A98DFD300E5DBED /* ProductCell.swift */ = {isa = PBXFileReference; lastKnownFileType = sourcecode.swift; path = ProductCell.swift; sourceTree = "<group>"; };
/* End PBXFileReference section */

/* Begin PBXFrameworksBuildPhase section */
		F21AE11E2A98D2830045D7C7 /* Frameworks */ = {
			isa = PBXFrameworksBuildPhase;
			buildActionMask = 2147483647;
			files = (
			);
			runOnlyForDeploymentPostprocessing = 0;
		};
/* End PBXFrameworksBuildPhase section */

/* Begin PBXGroup section */
		F21AE1182A98D2830045D7C7 = {
			isa = PBXGroup;
			children = (
				F21AE1232A98D2830045D7C7 /* avitoTestTask_ShapovalovA */,
				F21AE1222A98D2830045D7C7 /* Products */,
			);
			sourceTree = "<group>";
		};
		F21AE1222A98D2830045D7C7 /* Products */ = {
			isa = PBXGroup;
			children = (
				F21AE1212A98D2830045D7C7 /* avitoTestTask_ShapovalovA.app */,
			);
			name = Products;
			sourceTree = "<group>";
		};
		F21AE1232A98D2830045D7C7 /* avitoTestTask_ShapovalovA */ = {
			isa = PBXGroup;
			children = (
				F298680E2A98DFC600E5DBED /* Cells */,
				F29868022A98D6A400E5DBED /* Coordinators */,
				F29867FF2A98D67000E5DBED /* Protocols */,
				F21AE13C2A98D2C30045D7C7 /* Controllers */,
				F21AE13B2A98D2BC0045D7C7 /* Network */,
				F21AE13A2A98D2B70045D7C7 /* Views */,
				F21AE1392A98D2AF0045D7C7 /* Models */,
				F21AE1382A98D2A30045D7C7 /* Utilities */,
				F21AE1242A98D2830045D7C7 /* AppDelegate.swift */,
				F21AE1262A98D2830045D7C7 /* SceneDelegate.swift */,
				F21AE1282A98D2830045D7C7 /* ViewController.swift */,
				F21AE12A2A98D2830045D7C7 /* Main.storyboard */,
				F21AE12D2A98D2850045D7C7 /* Assets.xcassets */,
				F21AE12F2A98D2850045D7C7 /* LaunchScreen.storyboard */,
				F21AE1322A98D2850045D7C7 /* Info.plist */,
			);
			path = avitoTestTask_ShapovalovA;
			sourceTree = "<group>";
		};
		F21AE1382A98D2A30045D7C7 /* Utilities */ = {
			isa = PBXGroup;
			children = (
			);
			path = Utilities;
			sourceTree = "<group>";
		};
		F21AE1392A98D2AF0045D7C7 /* Models */ = {
			isa = PBXGroup;
			children = (
				F21AE13D2A98D2D80045D7C7 /* Product.swift */,
				F21AE13F2A98D2E90045D7C7 /* ProductDetail.swift */,
			);
			path = Models;
			sourceTree = "<group>";
		};
		F21AE13A2A98D2B70045D7C7 /* Views */ = {
			isa = PBXGroup;
			children = (
			);
			path = Views;
			sourceTree = "<group>";
		};
		F21AE13B2A98D2BC0045D7C7 /* Network */ = {
			isa = PBXGroup;
			children = (
				F21AE1412A98D3EE0045D7C7 /* NetworkManager.swift */,
			);
			path = Network;
			sourceTree = "<group>";
		};
		F21AE13C2A98D2C30045D7C7 /* Controllers */ = {
			isa = PBXGroup;
			children = (
				F298680B2A98D74100E5DBED /* MainViewController.swift */,
				F29868092A98D73000E5DBED /* DetailViewController.swift */,
			);
			path = Controllers;
			sourceTree = "<group>";
		};
		F29867FF2A98D67000E5DBED /* Protocols */ = {
			isa = PBXGroup;
			children = (
				F29868002A98D67B00E5DBED /* Coordinator.swift */,
			);
			path = Protocols;
			sourceTree = "<group>";
		};
		F29868022A98D6A400E5DBED /* Coordinators */ = {
			isa = PBXGroup;
			children = (
				F29868032A98D6B000E5DBED /* AppCoordinator.swift */,
				F29868052A98D6B700E5DBED /* MainCoordinator.swift */,
			);
			path = Coordinators;
			sourceTree = "<group>";
		};
		F298680E2A98DFC600E5DBED /* Cells */ = {
			isa = PBXGroup;
			children = (
				F298680F2A98DFD300E5DBED /* ProductCell.swift */,
			);
			path = Cells;
			sourceTree = "<group>";
		};
/* End PBXGroup section */

/* Begin PBXNativeTarget section */
		F21AE1202A98D2830045D7C7 /* avitoTestTask_ShapovalovA */ = {
			isa = PBXNativeTarget;
			buildConfigurationList = F21AE1352A98D2850045D7C7 /* Build configuration list for PBXNativeTarget "avitoTestTask_ShapovalovA" */;
			buildPhases = (
				F21AE11D2A98D2830045D7C7 /* Sources */,
				F21AE11E2A98D2830045D7C7 /* Frameworks */,
				F21AE11F2A98D2830045D7C7 /* Resources */,
			);
			buildRules = (
			);
			dependencies = (
			);
			name = avitoTestTask_ShapovalovA;
			productName = avitoTestTask_ShapovalovA;
			productReference = F21AE1212A98D2830045D7C7 /* avitoTestTask_ShapovalovA.app */;
			productType = "com.apple.product-type.application";
		};
/* End PBXNativeTarget section */

/* Begin PBXProject section */
		F21AE1192A98D2830045D7C7 /* Project object */ = {
			isa = PBXProject;
			attributes = {
				BuildIndependentTargetsInParallel = 1;
				LastSwiftUpdateCheck = 1430;
				LastUpgradeCheck = 1430;
				TargetAttributes = {
					F21AE1202A98D2830045D7C7 = {
						CreatedOnToolsVersion = 14.3;
					};
				};
			};
			buildConfigurationList = F21AE11C2A98D2830045D7C7 /* Build configuration list for PBXProject "avitoTestTask_ShapovalovA" */;
			compatibilityVersion = "Xcode 14.0";
			developmentRegion = en;
			hasScannedForEncodings = 0;
			knownRegions = (
				en,
				Base,
			);
			mainGroup = F21AE1182A98D2830045D7C7;
			productRefGroup = F21AE1222A98D2830045D7C7 /* Products */;
			projectDirPath = "";
			projectRoot = "";
			targets = (
				F21AE1202A98D2830045D7C7 /* avitoTestTask_ShapovalovA */,
			);
		};
/* End PBXProject section */

/* Begin PBXResourcesBuildPhase section */
		F21AE11F2A98D2830045D7C7 /* Resources */ = {
			isa = PBXResourcesBuildPhase;
			buildActionMask = 2147483647;
			files = (
				F21AE1312A98D2850045D7C7 /* LaunchScreen.storyboard in Resources */,
				F21AE12E2A98D2850045D7C7 /* Assets.xcassets in Resources */,
				F21AE12C2A98D2830045D7C7 /* Main.storyboard in Resources */,
			);
			runOnlyForDeploymentPostprocessing = 0;
		};
/* End PBXResourcesBuildPhase section */

/* Begin PBXSourcesBuildPhase section */
		F21AE11D2A98D2830045D7C7 /* Sources */ = {
			isa = PBXSourcesBuildPhase;
			buildActionMask = 2147483647;
			files = (
				F298680A2A98D73000E5DBED /* DetailViewController.swift in Sources */,
				F298680C2A98D74100E5DBED /* MainViewController.swift in Sources */,
				F21AE1422A98D3EE0045D7C7 /* NetworkManager.swift in Sources */,
				F21AE1292A98D2830045D7C7 /* ViewController.swift in Sources */,
				F21AE1402A98D2E90045D7C7 /* ProductDetail.swift in Sources */,
				F21AE13E2A98D2D80045D7C7 /* Product.swift in Sources */,
				F29868042A98D6B000E5DBED /* AppCoordinator.swift in Sources */,
				F21AE1252A98D2830045D7C7 /* AppDelegate.swift in Sources */,
				F21AE1272A98D2830045D7C7 /* SceneDelegate.swift in Sources */,
				F29868102A98DFD300E5DBED /* ProductCell.swift in Sources */,
				F29868062A98D6B700E5DBED /* MainCoordinator.swift in Sources */,
				F29868012A98D67B00E5DBED /* Coordinator.swift in Sources */,
			);
			runOnlyForDeploymentPostprocessing = 0;
		};
/* End PBXSourcesBuildPhase section */

/* Begin PBXVariantGroup section */
		F21AE12A2A98D2830045D7C7 /* Main.storyboard */ = {
			isa = PBXVariantGroup;
			children = (
				F21AE12B2A98D2830045D7C7 /* Base */,
			);
			name = Main.storyboard;
			sourceTree = "<group>";
		};
		F21AE12F2A98D2850045D7C7 /* LaunchScreen.storyboard */ = {
			isa = PBXVariantGroup;
			children = (
				F21AE1302A98D2850045D7C7 /* Base */,
			);
			name = LaunchScreen.storyboard;
			sourceTree = "<group>";
		};
/* End PBXVariantGroup section */

/* Begin XCBuildConfiguration section */
		F21AE1332A98D2850045D7C7 /* Debug */ = {
			isa = XCBuildConfiguration;
			buildSettings = {
				ALWAYS_SEARCH_USER_PATHS = NO;
				CLANG_ANALYZER_NONNULL = YES;
				CLANG_ANALYZER_NUMBER_OBJECT_CONVERSION = YES_AGGRESSIVE;
				CLANG_CXX_LANGUAGE_STANDARD = "gnu++20";
				CLANG_ENABLE_MODULES = YES;
				CLANG_ENABLE_OBJC_ARC = YES;
				CLANG_ENABLE_OBJC_WEAK = YES;
				CLANG_WARN_BLOCK_CAPTURE_AUTORELEASING = YES;
				CLANG_WARN_BOOL_CONVERSION = YES;
				CLANG_WARN_COMMA = YES;
				CLANG_WARN_CONSTANT_CONVERSION = YES;
				CLANG_WARN_DEPRECATED_OBJC_IMPLEMENTATIONS = YES;
				CLANG_WARN_DIRECT_OBJC_ISA_USAGE = YES_ERROR;
				CLANG_WARN_DOCUMENTATION_COMMENTS = YES;
				CLANG_WARN_EMPTY_BODY = YES;
				CLANG_WARN_ENUM_CONVERSION = YES;
				CLANG_WARN_INFINITE_RECURSION = YES;
				CLANG_WARN_INT_CONVERSION = YES;
				CLANG_WARN_NON_LITERAL_NULL_CONVERSION = YES;
				CLANG_WARN_OBJC_IMPLICIT_RETAIN_SELF = YES;
				CLANG_WARN_OBJC_LITERAL_CONVERSION = YES;
				CLANG_WARN_OBJC_ROOT_CLASS = YES_ERROR;
				CLANG_WARN_QUOTED_INCLUDE_IN_FRAMEWORK_HEADER = YES;
				CLANG_WARN_RANGE_LOOP_ANALYSIS = YES;
				CLANG_WARN_STRICT_PROTOTYPES = YES;
				CLANG_WARN_SUSPICIOUS_MOVE = YES;
				CLANG_WARN_UNGUARDED_AVAILABILITY = YES_AGGRESSIVE;
				CLANG_WARN_UNREACHABLE_CODE = YES;
				CLANG_WARN__DUPLICATE_METHOD_MATCH = YES;
				COPY_PHASE_STRIP = NO;
				DEBUG_INFORMATION_FORMAT = dwarf;
				ENABLE_STRICT_OBJC_MSGSEND = YES;
				ENABLE_TESTABILITY = YES;
				GCC_C_LANGUAGE_STANDARD = gnu11;
				GCC_DYNAMIC_NO_PIC = NO;
				GCC_NO_COMMON_BLOCKS = YES;
				GCC_OPTIMIZATION_LEVEL = 0;
				GCC_PREPROCESSOR_DEFINITIONS = (
					"DEBUG=1",
					"$(inherited)",
				);
				GCC_WARN_64_TO_32_BIT_CONVERSION = YES;
				GCC_WARN_ABOUT_RETURN_TYPE = YES_ERROR;
				GCC_WARN_UNDECLARED_SELECTOR = YES;
				GCC_WARN_UNINITIALIZED_AUTOS = YES_AGGRESSIVE;
				GCC_WARN_UNUSED_FUNCTION = YES;
				GCC_WARN_UNUSED_VARIABLE = YES;
				IPHONEOS_DEPLOYMENT_TARGET = 16.4;
				MTL_ENABLE_DEBUG_INFO = INCLUDE_SOURCE;
				MTL_FAST_MATH = YES;
				ONLY_ACTIVE_ARCH = YES;
				SDKROOT = iphoneos;
				SWIFT_ACTIVE_COMPILATION_CONDITIONS = DEBUG;
				SWIFT_OPTIMIZATION_LEVEL = "-Onone";
			};
			name = Debug;
		};
		F21AE1342A98D2850045D7C7 /* Release */ = {
			isa = XCBuildConfiguration;
			buildSettings = {
				ALWAYS_SEARCH_USER_PATHS = NO;
				CLANG_ANALYZER_NONNULL = YES;
				CLANG_ANALYZER_NUMBER_OBJECT_CONVERSION = YES_AGGRESSIVE;
				CLANG_CXX_LANGUAGE_STANDARD = "gnu++20";
				CLANG_ENABLE_MODULES = YES;
				CLANG_ENABLE_OBJC_ARC = YES;
				CLANG_ENABLE_OBJC_WEAK = YES;
				CLANG_WARN_BLOCK_CAPTURE_AUTORELEASING = YES;
				CLANG_WARN_BOOL_CONVERSION = YES;
				CLANG_WARN_COMMA = YES;
				CLANG_WARN_CONSTANT_CONVERSION = YES;
				CLANG_WARN_DEPRECATED_OBJC_IMPLEMENTATIONS = YES;
				CLANG_WARN_DIRECT_OBJC_ISA_USAGE = YES_ERROR;
				CLANG_WARN_DOCUMENTATION_COMMENTS = YES;
				CLANG_WARN_EMPTY_BODY = YES;
				CLANG_WARN_ENUM_CONVERSION = YES;
				CLANG_WARN_INFINITE_RECURSION = YES;
				CLANG_WARN_INT_CONVERSION = YES;
				CLANG_WARN_NON_LITERAL_NULL_CONVERSION = YES;
				CLANG_WARN_OBJC_IMPLICIT_RETAIN_SELF = YES;
				CLANG_WARN_OBJC_LITERAL_CONVERSION = YES;
				CLANG_WARN_OBJC_ROOT_CLASS = YES_ERROR;
				CLANG_WARN_QUOTED_INCLUDE_IN_FRAMEWORK_HEADER = YES;
				CLANG_WARN_RANGE_LOOP_ANALYSIS = YES;
				CLANG_WARN_STRICT_PROTOTYPES = YES;
				CLANG_WARN_SUSPICIOUS_MOVE = YES;
				CLANG_WARN_UNGUARDED_AVAILABILITY = YES_AGGRESSIVE;
				CLANG_WARN_UNREACHABLE_CODE = YES;
				CLANG_WARN__DUPLICATE_METHOD_MATCH = YES;
				COPY_PHASE_STRIP = NO;
				DEBUG_INFORMATION_FORMAT = "dwarf-with-dsym";
				ENABLE_NS_ASSERTIONS = NO;
				ENABLE_STRICT_OBJC_MSGSEND = YES;
				GCC_C_LANGUAGE_STANDARD = gnu11;
				GCC_NO_COMMON_BLOCKS = YES;
				GCC_WARN_64_TO_32_BIT_CONVERSION = YES;
				GCC_WARN_ABOUT_RETURN_TYPE = YES_ERROR;
				GCC_WARN_UNDECLARED_SELECTOR = YES;
				GCC_WARN_UNINITIALIZED_AUTOS = YES_AGGRESSIVE;
				GCC_WARN_UNUSED_FUNCTION = YES;
				GCC_WARN_UNUSED_VARIABLE = YES;
				IPHONEOS_DEPLOYMENT_TARGET = 16.4;
				MTL_ENABLE_DEBUG_INFO = NO;
				MTL_FAST_MATH = YES;
				SDKROOT = iphoneos;
				SWIFT_COMPILATION_MODE = wholemodule;
				SWIFT_OPTIMIZATION_LEVEL = "-O";
				VALIDATE_PRODUCT = YES;
			};
			name = Release;
		};
		F21AE1362A98D2850045D7C7 /* Debug */ = {
			isa = XCBuildConfiguration;
			buildSettings = {
				ASSETCATALOG_COMPILER_APPICON_NAME = AppIcon;
				ASSETCATALOG_COMPILER_GLOBAL_ACCENT_COLOR_NAME = AccentColor;
				CODE_SIGN_STYLE = Automatic;
				CURRENT_PROJECT_VERSION = 1;
				DEVELOPMENT_TEAM = 7HUT629824;
				GENERATE_INFOPLIST_FILE = YES;
				INFOPLIST_FILE = avitoTestTask_ShapovalovA/Info.plist;
				INFOPLIST_KEY_UIApplicationSupportsIndirectInputEvents = YES;
				INFOPLIST_KEY_UILaunchStoryboardName = LaunchScreen;
				INFOPLIST_KEY_UIMainStoryboardFile = Main;
				INFOPLIST_KEY_UISupportedInterfaceOrientations_iPad = "UIInterfaceOrientationPortrait UIInterfaceOrientationPortraitUpsideDown UIInterfaceOrientationLandscapeLeft UIInterfaceOrientationLandscapeRight";
				INFOPLIST_KEY_UISupportedInterfaceOrientations_iPhone = "UIInterfaceOrientationPortrait UIInterfaceOrientationLandscapeLeft UIInterfaceOrientationLandscapeRight";
				LD_RUNPATH_SEARCH_PATHS = (
					"$(inherited)",
					"@executable_path/Frameworks",
				);
				MARKETING_VERSION = 1.0;
				PRODUCT_BUNDLE_IDENTIFIER = "com.avitoTestTask-ShapovalovA.avitoTestTask-ShapovalovA";
				PRODUCT_NAME = "$(TARGET_NAME)";
				SWIFT_EMIT_LOC_STRINGS = YES;
				SWIFT_VERSION = 5.0;
				TARGETED_DEVICE_FAMILY = "1,2";
			};
			name = Debug;
		};
		F21AE1372A98D2850045D7C7 /* Release */ = {
			isa = XCBuildConfiguration;
			buildSettings = {
				ASSETCATALOG_COMPILER_APPICON_NAME = AppIcon;
				ASSETCATALOG_COMPILER_GLOBAL_ACCENT_COLOR_NAME = AccentColor;
				CODE_SIGN_STYLE = Automatic;
				CURRENT_PROJECT_VERSION = 1;
				DEVELOPMENT_TEAM = 7HUT629824;
				GENERATE_INFOPLIST_FILE = YES;
				INFOPLIST_FILE = avitoTestTask_ShapovalovA/Info.plist;
				INFOPLIST_KEY_UIApplicationSupportsIndirectInputEvents = YES;
				INFOPLIST_KEY_UILaunchStoryboardName = LaunchScreen;
				INFOPLIST_KEY_UIMainStoryboardFile = Main;
				INFOPLIST_KEY_UISupportedInterfaceOrientations_iPad = "UIInterfaceOrientationPortrait UIInterfaceOrientationPortraitUpsideDown UIInterfaceOrientationLandscapeLeft UIInterfaceOrientationLandscapeRight";
				INFOPLIST_KEY_UISupportedInterfaceOrientations_iPhone = "UIInterfaceOrientationPortrait UIInterfaceOrientationLandscapeLeft UIInterfaceOrientationLandscapeRight";
				LD_RUNPATH_SEARCH_PATHS = (
					"$(inherited)",
					"@executable_path/Frameworks",
				);
				MARKETING_VERSION = 1.0;
				PRODUCT_BUNDLE_IDENTIFIER = "com.avitoTestTask-ShapovalovA.avitoTestTask-ShapovalovA";
				PRODUCT_NAME = "$(TARGET_NAME)";
				SWIFT_EMIT_LOC_STRINGS = YES;
				SWIFT_VERSION = 5.0;
				TARGETED_DEVICE_FAMILY = "1,2";
			};
			name = Release;
		};
/* End XCBuildConfiguration section */

/* Begin XCConfigurationList section */
		F21AE11C2A98D2830045D7C7 /* Build configuration list for PBXProject "avitoTestTask_ShapovalovA" */ = {
			isa = XCConfigurationList;
			buildConfigurations = (
				F21AE1332A98D2850045D7C7 /* Debug */,
				F21AE1342A98D2850045D7C7 /* Release */,
			);
			defaultConfigurationIsVisible = 0;
			defaultConfigurationName = Release;
		};
		F21AE1352A98D2850045D7C7 /* Build configuration list for PBXNativeTarget "avitoTestTask_ShapovalovA" */ = {
			isa = XCConfigurationList;
			buildConfigurations = (
				F21AE1362A98D2850045D7C7 /* Debug */,
				F21AE1372A98D2850045D7C7 /* Release */,
			);
			defaultConfigurationIsVisible = 0;
			defaultConfigurationName = Release;
		};
/* End XCConfigurationList section */
	};
	rootObject = F21AE1192A98D2830045D7C7 /* Project object */;
}
